// !$*UTF8*$!
{
	archiveVersion = 1;
	classes = {
	};
	objectVersion = 50;
	objects = {

/* Begin PBXBuildFile section */
		2CADA02024CC478900CB25FB /* AppDelegate.swift in Sources */ = {isa = PBXBuildFile; fileRef = 2CADA01F24CC478900CB25FB /* AppDelegate.swift */; };
		2CADA02224CC478900CB25FB /* SceneDelegate.swift in Sources */ = {isa = PBXBuildFile; fileRef = 2CADA02124CC478900CB25FB /* SceneDelegate.swift */; };
		2CADA02424CC478900CB25FB /* ViewController.swift in Sources */ = {isa = PBXBuildFile; fileRef = 2CADA02324CC478900CB25FB /* ViewController.swift */; };
		2CADA02724CC478900CB25FB /* Main.storyboard in Resources */ = {isa = PBXBuildFile; fileRef = 2CADA02524CC478900CB25FB /* Main.storyboard */; };
		2CADA02924CC478A00CB25FB /* Assets.xcassets in Resources */ = {isa = PBXBuildFile; fileRef = 2CADA02824CC478A00CB25FB /* Assets.xcassets */; };
		2CADA02C24CC478A00CB25FB /* LaunchScreen.storyboard in Resources */ = {isa = PBXBuildFile; fileRef = 2CADA02A24CC478A00CB25FB /* LaunchScreen.storyboard */; };
		2CADA03424CC4C1300CB25FB /* ContentViewController.swift in Sources */ = {isa = PBXBuildFile; fileRef = 2CADA03324CC4C1300CB25FB /* ContentViewController.swift */; };
		2CADA03624CC4C4A00CB25FB /* PageViewController.swift in Sources */ = {isa = PBXBuildFile; fileRef = 2CADA03524CC4C4A00CB25FB /* PageViewController.swift */; };
/* End PBXBuildFile section */

/* Begin PBXFileReference section */
		2CADA01C24CC478900CB25FB /* UIPageView.app */ = {isa = PBXFileReference; explicitFileType = wrapper.application; includeInIndex = 0; path = UIPageView.app; sourceTree = BUILT_PRODUCTS_DIR; };
		2CADA01F24CC478900CB25FB /* AppDelegate.swift */ = {isa = PBXFileReference; lastKnownFileType = sourcecode.swift; path = AppDelegate.swift; sourceTree = "<group>"; };
		2CADA02124CC478900CB25FB /* SceneDelegate.swift */ = {isa = PBXFileReference; lastKnownFileType = sourcecode.swift; path = SceneDelegate.swift; sourceTree = "<group>"; };
		2CADA02324CC478900CB25FB /* ViewController.swift */ = {isa = PBXFileReference; lastKnownFileType = sourcecode.swift; path = ViewController.swift; sourceTree = "<group>"; };
		2CADA02624CC478900CB25FB /* Base */ = {isa = PBXFileReference; lastKnownFileType = file.storyboard; name = Base; path = Base.lproj/Main.storyboard; sourceTree = "<group>"; };
		2CADA02824CC478A00CB25FB /* Assets.xcassets */ = {isa = PBXFileReference; lastKnownFileType = folder.assetcatalog; path = Assets.xcassets; sourceTree = "<group>"; };
		2CADA02B24CC478A00CB25FB /* Base */ = {isa = PBXFileReference; lastKnownFileType = file.storyboard; name = Base; path = Base.lproj/LaunchScreen.storyboard; sourceTree = "<group>"; };
		2CADA02D24CC478A00CB25FB /* Info.plist */ = {isa = PBXFileReference; lastKnownFileType = text.plist.xml; path = Info.plist; sourceTree = "<group>"; };
		2CADA03324CC4C1300CB25FB /* ContentViewController.swift */ = {isa = PBXFileReference; lastKnownFileType = sourcecode.swift; path = ContentViewController.swift; sourceTree = "<group>"; };
		2CADA03524CC4C4A00CB25FB /* PageViewController.swift */ = {isa = PBXFileReference; lastKnownFileType = sourcecode.swift; path = PageViewController.swift; sourceTree = "<group>"; };
/* End PBXFileReference section */

/* Begin PBXFrameworksBuildPhase section */
		2CADA01924CC478900CB25FB /* Frameworks */ = {
			isa = PBXFrameworksBuildPhase;
			buildActionMask = 2147483647;
			files = (
			);
			runOnlyForDeploymentPostprocessing = 0;
		};
/* End PBXFrameworksBuildPhase section */

/* Begin PBXGroup section */
		2CADA01324CC478900CB25FB = {
			isa = PBXGroup;
			children = (
				2CADA01E24CC478900CB25FB /* UIPageView */,
				2CADA01D24CC478900CB25FB /* Products */,
			);
			sourceTree = "<group>";
		};
		2CADA01D24CC478900CB25FB /* Products */ = {
			isa = PBXGroup;
			children = (
				2CADA01C24CC478900CB25FB /* UIPageView.app */,
			);
			name = Products;
			sourceTree = "<group>";
		};
		2CADA01E24CC478900CB25FB /* UIPageView */ = {
			isa = PBXGroup;
			children = (
				2CADA01F24CC478900CB25FB /* AppDelegate.swift */,
				2CADA02124CC478900CB25FB /* SceneDelegate.swift */,
				2CADA02324CC478900CB25FB /* ViewController.swift */,
				2CADA03324CC4C1300CB25FB /* ContentViewController.swift */,
				2CADA03524CC4C4A00CB25FB /* PageViewController.swift */,
				2CADA02524CC478900CB25FB /* Main.storyboard */,
				2CADA02824CC478A00CB25FB /* Assets.xcassets */,
				2CADA02A24CC478A00CB25FB /* LaunchScreen.storyboard */,
				2CADA02D24CC478A00CB25FB /* Info.plist */,
			);
			path = UIPageView;
			sourceTree = "<group>";
		};
/* End PBXGroup section */

/* Begin PBXNativeTarget section */
		2CADA01B24CC478900CB25FB /* UIPageView */ = {
			isa = PBXNativeTarget;
			buildConfigurationList = 2CADA03024CC478A00CB25FB /* Build configuration list for PBXNativeTarget "UIPageView" */;
			buildPhases = (
				2CADA01824CC478900CB25FB /* Sources */,
				2CADA01924CC478900CB25FB /* Frameworks */,
				2CADA01A24CC478900CB25FB /* Resources */,
			);
			buildRules = (
			);
			dependencies = (
			);
			name = UIPageView;
			productName = UIPageView;
			productReference = 2CADA01C24CC478900CB25FB /* UIPageView.app */;
			productType = "com.apple.product-type.application";
		};
/* End PBXNativeTarget section */

/* Begin PBXProject section */
		2CADA01424CC478900CB25FB /* Project object */ = {
			isa = PBXProject;
			attributes = {
				LastSwiftUpdateCheck = 1150;
				LastUpgradeCheck = 1150;
				ORGANIZATIONNAME = "Дмитрий Данилин";
				TargetAttributes = {
					2CADA01B24CC478900CB25FB = {
						CreatedOnToolsVersion = 11.5;
					};
				};
			};
			buildConfigurationList = 2CADA01724CC478900CB25FB /* Build configuration list for PBXProject "UIPageView" */;
			compatibilityVersion = "Xcode 9.3";
			developmentRegion = en;
			hasScannedForEncodings = 0;
			knownRegions = (
				en,
				Base,
			);
			mainGroup = 2CADA01324CC478900CB25FB;
			productRefGroup = 2CADA01D24CC478900CB25FB /* Products */;
			projectDirPath = "";
			projectRoot = "";
			targets = (
				2CADA01B24CC478900CB25FB /* UIPageView */,
			);
		};
/* End PBXProject section */

/* Begin PBXResourcesBuildPhase section */
		2CADA01A24CC478900CB25FB /* Resources */ = {
			isa = PBXResourcesBuildPhase;
			buildActionMask = 2147483647;
			files = (
				2CADA02C24CC478A00CB25FB /* LaunchScreen.storyboard in Resources */,
				2CADA02924CC478A00CB25FB /* Assets.xcassets in Resources */,
				2CADA02724CC478900CB25FB /* Main.storyboard in Resources */,
			);
			runOnlyForDeploymentPostprocessing = 0;
		};
/* End PBXResourcesBuildPhase section */

/* Begin PBXSourcesBuildPhase section */
		2CADA01824CC478900CB25FB /* Sources */ = {
			isa = PBXSourcesBuildPhase;
			buildActionMask = 2147483647;
			files = (
				2CADA03424CC4C1300CB25FB /* ContentViewController.swift in Sources */,
				2CADA03624CC4C4A00CB25FB /* PageViewController.swift in Sources */,
				2CADA02424CC478900CB25FB /* ViewController.swift in Sources */,
				2CADA02024CC478900CB25FB /* AppDelegate.swift in Sources */,
				2CADA02224CC478900CB25FB /* SceneDelegate.swift in Sources */,
			);
			runOnlyForDeploymentPostprocessing = 0;
		};
/* End PBXSourcesBuildPhase section */

/* Begin PBXVariantGroup section */
		2CADA02524CC478900CB25FB /* Main.storyboard */ = {
			isa = PBXVariantGroup;
			children = (
				2CADA02624CC478900CB25FB /* Base */,
			);
			name = Main.storyboard;
			sourceTree = "<group>";
		};
		2CADA02A24CC478A00CB25FB /* LaunchScreen.storyboard */ = {
			isa = PBXVariantGroup;
			children = (
				2CADA02B24CC478A00CB25FB /* Base */,
			);
			name = LaunchScreen.storyboard;
			sourceTree = "<group>";
		};
/* End PBXVariantGroup section */

/* Begin XCBuildConfiguration section */
		2CADA02E24CC478A00CB25FB /* Debug */ = {
			isa = XCBuildConfiguration;
			buildSettings = {
				ALWAYS_SEARCH_USER_PATHS = NO;
				CLANG_ANALYZER_NONNULL = YES;
				CLANG_ANALYZER_NUMBER_OBJECT_CONVERSION = YES_AGGRESSIVE;
				CLANG_CXX_LANGUAGE_STANDARD = "gnu++14";
				CLANG_CXX_LIBRARY = "libc++";
				CLANG_ENABLE_MODULES = YES;
				CLANG_ENABLE_OBJC_ARC = YES;
				CLANG_ENABLE_OBJC_WEAK = YES;
				CLANG_WARN_BLOCK_CAPTURE_AUTORELEASING = YES;
				CLANG_WARN_BOOL_CONVERSION = YES;
				CLANG_WARN_COMMA = YES;
				CLANG_WARN_CONSTANT_CONVERSION = YES;
				CLANG_WARN_DEPRECATED_OBJC_IMPLEMENTATIONS = YES;
				CLANG_WARN_DIRECT_OBJC_ISA_USAGE = YES_ERROR;
				CLANG_WARN_DOCUMENTATION_COMMENTS = YES;
				CLANG_WARN_EMPTY_BODY = YES;
				CLANG_WARN_ENUM_CONVERSION = YES;
				CLANG_WARN_INFINITE_RECURSION = YES;
				CLANG_WARN_INT_CONVERSION = YES;
				CLANG_WARN_NON_LITERAL_NULL_CONVERSION = YES;
				CLANG_WARN_OBJC_IMPLICIT_RETAIN_SELF = YES;
				CLANG_WARN_OBJC_LITERAL_CONVERSION = YES;
				CLANG_WARN_OBJC_ROOT_CLASS = YES_ERROR;
				CLANG_WARN_RANGE_LOOP_ANALYSIS = YES;
				CLANG_WARN_STRICT_PROTOTYPES = YES;
				CLANG_WARN_SUSPICIOUS_MOVE = YES;
				CLANG_WARN_UNGUARDED_AVAILABILITY = YES_AGGRESSIVE;
				CLANG_WARN_UNREACHABLE_CODE = YES;
				CLANG_WARN__DUPLICATE_METHOD_MATCH = YES;
				COPY_PHASE_STRIP = NO;
				DEBUG_INFORMATION_FORMAT = dwarf;
				ENABLE_STRICT_OBJC_MSGSEND = YES;
				ENABLE_TESTABILITY = YES;
				GCC_C_LANGUAGE_STANDARD = gnu11;
				GCC_DYNAMIC_NO_PIC = NO;
				GCC_NO_COMMON_BLOCKS = YES;
				GCC_OPTIMIZATION_LEVEL = 0;
				GCC_PREPROCESSOR_DEFINITIONS = (
					"DEBUG=1",
					"$(inherited)",
				);
				GCC_WARN_64_TO_32_BIT_CONVERSION = YES;
				GCC_WARN_ABOUT_RETURN_TYPE = YES_ERROR;
				GCC_WARN_UNDECLARED_SELECTOR = YES;
				GCC_WARN_UNINITIALIZED_AUTOS = YES_AGGRESSIVE;
				GCC_WARN_UNUSED_FUNCTION = YES;
				GCC_WARN_UNUSED_VARIABLE = YES;
				IPHONEOS_DEPLOYMENT_TARGET = 13.5;
				MTL_ENABLE_DEBUG_INFO = INCLUDE_SOURCE;
				MTL_FAST_MATH = YES;
				ONLY_ACTIVE_ARCH = YES;
				SDKROOT = iphoneos;
				SWIFT_ACTIVE_COMPILATION_CONDITIONS = DEBUG;
				SWIFT_OPTIMIZATION_LEVEL = "-Onone";
			};
			name = Debug;
		};
		2CADA02F24CC478A00CB25FB /* Release */ = {
			isa = XCBuildConfiguration;
			buildSettings = {
				ALWAYS_SEARCH_USER_PATHS = NO;
				CLANG_ANALYZER_NONNULL = YES;
				CLANG_ANALYZER_NUMBER_OBJECT_CONVERSION = YES_AGGRESSIVE;
				CLANG_CXX_LANGUAGE_STANDARD = "gnu++14";
				CLANG_CXX_LIBRARY = "libc++";
				CLANG_ENABLE_MODULES = YES;
				CLANG_ENABLE_OBJC_ARC = YES;
				CLANG_ENABLE_OBJC_WEAK = YES;
				CLANG_WARN_BLOCK_CAPTURE_AUTORELEASING = YES;
				CLANG_WARN_BOOL_CONVERSION = YES;
				CLANG_WARN_COMMA = YES;
				CLANG_WARN_CONSTANT_CONVERSION = YES;
				CLANG_WARN_DEPRECATED_OBJC_IMPLEMENTATIONS = YES;
				CLANG_WARN_DIRECT_OBJC_ISA_USAGE = YES_ERROR;
				CLANG_WARN_DOCUMENTATION_COMMENTS = YES;
				CLANG_WARN_EMPTY_BODY = YES;
				CLANG_WARN_ENUM_CONVERSION = YES;
				CLANG_WARN_INFINITE_RECURSION = YES;
				CLANG_WARN_INT_CONVERSION = YES;
				CLANG_WARN_NON_LITERAL_NULL_CONVERSION = YES;
				CLANG_WARN_OBJC_IMPLICIT_RETAIN_SELF = YES;
				CLANG_WARN_OBJC_LITERAL_CONVERSION = YES;
				CLANG_WARN_OBJC_ROOT_CLASS = YES_ERROR;
				CLANG_WARN_RANGE_LOOP_ANALYSIS = YES;
				CLANG_WARN_STRICT_PROTOTYPES = YES;
				CLANG_WARN_SUSPICIOUS_MOVE = YES;
				CLANG_WARN_UNGUARDED_AVAILABILITY = YES_AGGRESSIVE;
				CLANG_WARN_UNREACHABLE_CODE = YES;
				CLANG_WARN__DUPLICATE_METHOD_MATCH = YES;
				COPY_PHASE_STRIP = NO;
				DEBUG_INFORMATION_FORMAT = "dwarf-with-dsym";
				ENABLE_NS_ASSERTIONS = NO;
				ENABLE_STRICT_OBJC_MSGSEND = YES;
				GCC_C_LANGUAGE_STANDARD = gnu11;
				GCC_NO_COMMON_BLOCKS = YES;
				GCC_WARN_64_TO_32_BIT_CONVERSION = YES;
				GCC_WARN_ABOUT_RETURN_TYPE = YES_ERROR;
				GCC_WARN_UNDECLARED_SELECTOR = YES;
				GCC_WARN_UNINITIALIZED_AUTOS = YES_AGGRESSIVE;
				GCC_WARN_UNUSED_FUNCTION = YES;
				GCC_WARN_UNUSED_VARIABLE = YES;
				IPHONEOS_DEPLOYMENT_TARGET = 13.5;
				MTL_ENABLE_DEBUG_INFO = NO;
				MTL_FAST_MATH = YES;
				SDKROOT = iphoneos;
				SWIFT_COMPILATION_MODE = wholemodule;
				SWIFT_OPTIMIZATION_LEVEL = "-O";
				VALIDATE_PRODUCT = YES;
			};
			name = Release;
		};
		2CADA03124CC478A00CB25FB /* Debug */ = {
			isa = XCBuildConfiguration;
			buildSettings = {
				ASSETCATALOG_COMPILER_APPICON_NAME = AppIcon;
				CODE_SIGN_STYLE = Automatic;
				DEVELOPMENT_TEAM = B66N983M7Q;
				INFOPLIST_FILE = UIPageView/Info.plist;
				LD_RUNPATH_SEARCH_PATHS = (
					"$(inherited)",
					"@executable_path/Frameworks",
				);
				PRODUCT_BUNDLE_IDENTIFIER = ru.zyfunphoto.UIPageView;
				PRODUCT_NAME = "$(TARGET_NAME)";
				SWIFT_VERSION = 5.0;
				TARGETED_DEVICE_FAMILY = "1,2";
			};
			name = Debug;
		};
		2CADA03224CC478A00CB25FB /* Release */ = {
			isa = XCBuildConfiguration;
			buildSettings = {
				ASSETCATALOG_COMPILER_APPICON_NAME = AppIcon;
				CODE_SIGN_STYLE = Automatic;
				DEVELOPMENT_TEAM = B66N983M7Q;
				INFOPLIST_FILE = UIPageView/Info.plist;
				LD_RUNPATH_SEARCH_PATHS = (
					"$(inherited)",
					"@executable_path/Frameworks",
				);
				PRODUCT_BUNDLE_IDENTIFIER = ru.zyfunphoto.UIPageView;
				PRODUCT_NAME = "$(TARGET_NAME)";
				SWIFT_VERSION = 5.0;
				TARGETED_DEVICE_FAMILY = "1,2";
			};
			name = Release;
		};
/* End XCBuildConfiguration section */

/* Begin XCConfigurationList section */
		2CADA01724CC478900CB25FB /* Build configuration list for PBXProject "UIPageView" */ = {
			isa = XCConfigurationList;
			buildConfigurations = (
				2CADA02E24CC478A00CB25FB /* Debug */,
				2CADA02F24CC478A00CB25FB /* Release */,
			);
			defaultConfigurationIsVisible = 0;
			defaultConfigurationName = Release;
		};
		2CADA03024CC478A00CB25FB /* Build configuration list for PBXNativeTarget "UIPageView" */ = {
			isa = XCConfigurationList;
			buildConfigurations = (
				2CADA03124CC478A00CB25FB /* Debug */,
				2CADA03224CC478A00CB25FB /* Release */,
			);
			defaultConfigurationIsVisible = 0;
			defaultConfigurationName = Release;
		};
/* End XCConfigurationList section */
	};
	rootObject = 2CADA01424CC478900CB25FB /* Project object */;
}
